
Microsoft Visual Studio Solution File, Format Version 12.00
# Visual Studio 14
VisualStudioVersion = 14.0.25420.1
MinimumVisualStudioVersion = 10.0.40219.1
Project("{E24C65DC-7377-472B-9ABA-BC803B73C61A}") = "GAMEOF15", "GAMEOF15\", "{19698106-32A7-4FAA-8B40-6BB4C7E50E74}"
	ProjectSection(WebsiteProperties) = preProject
		TargetFrameworkMoniker = ".NETFramework,Version%3Dv4.5.2"
		Debug.AspNetCompiler.VirtualPath = "/localhost_54765"
		Debug.AspNetCompiler.PhysicalPath = "GAMEOF15\"
		Debug.AspNetCompiler.TargetPath = "PrecompiledWeb\localhost_54765\"
		Debug.AspNetCompiler.Updateable = "true"
		Debug.AspNetCompiler.ForceOverwrite = "true"
		Debug.AspNetCompiler.FixedNames = "false"
		Debug.AspNetCompiler.Debug = "True"
		Release.AspNetCompiler.VirtualPath = "/localhost_54765"
		Release.AspNetCompiler.PhysicalPath = "GAMEOF15\"
		Release.AspNetCompiler.TargetPath = "PrecompiledWeb\localhost_54765\"
		Release.AspNetCompiler.Updateable = "true"
		Release.AspNetCompiler.ForceOverwrite = "true"
		Release.AspNetCompiler.FixedNames = "false"
		Release.AspNetCompiler.Debug = "False"
		VWDPort = "54765"
		SlnRelativePath = "GAMEOF15\"
	EndProjectSection
EndProject
Global
	GlobalSection(SolutionConfigurationPlatforms) = preSolution
		Debug|Any CPU = Debug|Any CPU
	EndGlobalSection
	GlobalSection(ProjectConfigurationPlatforms) = postSolution
		{19698106-32A7-4FAA-8B40-6BB4C7E50E74}.Debug|Any CPU.ActiveCfg = Debug|Any CPU
		{19698106-32A7-4FAA-8B40-6BB4C7E50E74}.Debug|Any CPU.Build.0 = Debug|Any CPU
	EndGlobalSection
	GlobalSection(SolutionProperties) = preSolution
		HideSolutionNode = FALSE
	EndGlobalSection
EndGlobal
